
Microsoft Visual Studio Solution File, Format Version 12.00
# Visual Studio Version 17
VisualStudioVersion = 17.6.33723.286
MinimumVisualStudioVersion = 10.0.40219.1
Project("{9A19103F-16F7-4668-BE54-9A1E7A4F7556}") = "SharpEngine", "OpenGLGame\SharpEngine.csproj", "{1CA5D1AD-DE37-4210-B5A3-C1E3EF4BC300}"
EndProject
Global
	GlobalSection(SolutionConfigurationPlatforms) = preSolution
		Debug|Any CPU = Debug|Any CPU
		Release|Any CPU = Release|Any CPU
	EndGlobalSection
	GlobalSection(ProjectConfigurationPlatforms) = postSolution
		{1CA5D1AD-DE37-4210-B5A3-C1E3EF4BC300}.Debug|Any CPU.ActiveCfg = Debug|Any CPU
		{1CA5D1AD-DE37-4210-B5A3-C1E3EF4BC300}.Debug|Any CPU.Build.0 = Debug|Any CPU
		{1CA5D1AD-DE37-4210-B5A3-C1E3EF4BC300}.Release|Any CPU.ActiveCfg = Release|Any CPU
		{1CA5D1AD-DE37-4210-B5A3-C1E3EF4BC300}.Release|Any CPU.Build.0 = Release|Any CPU
	EndGlobalSection
	GlobalSection(SolutionProperties) = preSolution
		HideSolutionNode = FALSE
	EndGlobalSection
	GlobalSection(ExtensibilityGlobals) = postSolution
		SolutionGuid = {97F69190-5102-4CE6-A75E-DAE9CE2D76F5}
	EndGlobalSection
EndGlobal
